
Microsoft Visual Studio Solution File, Format Version 12.00
# Visual Studio Version 17
VisualStudioVersion = 17.13.35818.85 d17.13
MinimumVisualStudioVersion = 10.0.40219.1
Project("{FAE04EC0-301F-11D3-BF4B-00C04F79EFBC}") = "ProductDashboard", "ProductDashboard\ProductDashboard.csproj", "{EBBD247E-D927-402C-BE9E-EC1AD9C457CF}"
EndProject
Global
	GlobalSection(SolutionConfigurationPlatforms) = preSolution
		Debug|Any CPU = Debug|Any CPU
		Release|Any CPU = Release|Any CPU
	EndGlobalSection
	GlobalSection(ProjectConfigurationPlatforms) = postSolution
		{EBBD247E-D927-402C-BE9E-EC1AD9C457CF}.Debug|Any CPU.ActiveCfg = Debug|Any CPU
		{EBBD247E-D927-402C-BE9E-EC1AD9C457CF}.Debug|Any CPU.Build.0 = Debug|Any CPU
		{EBBD247E-D927-402C-BE9E-EC1AD9C457CF}.Release|Any CPU.ActiveCfg = Release|Any CPU
		{EBBD247E-D927-402C-BE9E-EC1AD9C457CF}.Release|Any CPU.Build.0 = Release|Any CPU
	EndGlobalSection
	GlobalSection(SolutionProperties) = preSolution
		HideSolutionNode = FALSE
	EndGlobalSection
	GlobalSection(ExtensibilityGlobals) = postSolution
		SolutionGuid = {C4D021B7-812D-4EC5-BE3A-0A0AAB8D760E}
	EndGlobalSection
EndGlobal
